
Microsoft Visual Studio Solution File, Format Version 12.00
# Visual Studio Version 17
VisualStudioVersion = 17.2.32630.192
MinimumVisualStudioVersion = 10.0.40219.1
Project("{9A19103F-16F7-4668-BE54-9A1E7A4F7556}") = "Biblioteca", "Biblioteca.csproj", "{8A9C1222-9165-4761-AE4A-4F773BD5C086}"
EndProject
Global
	GlobalSection(SolutionConfigurationPlatforms) = preSolution
		Debug|Any CPU = Debug|Any CPU
		Release|Any CPU = Release|Any CPU
	EndGlobalSection
	GlobalSection(ProjectConfigurationPlatforms) = postSolution
		{8A9C1222-9165-4761-AE4A-4F773BD5C086}.Debug|Any CPU.ActiveCfg = Debug|Any CPU
		{8A9C1222-9165-4761-AE4A-4F773BD5C086}.Debug|Any CPU.Build.0 = Debug|Any CPU
		{8A9C1222-9165-4761-AE4A-4F773BD5C086}.Release|Any CPU.ActiveCfg = Release|Any CPU
		{8A9C1222-9165-4761-AE4A-4F773BD5C086}.Release|Any CPU.Build.0 = Release|Any CPU
	EndGlobalSection
	GlobalSection(SolutionProperties) = preSolution
		HideSolutionNode = FALSE
	EndGlobalSection
	GlobalSection(ExtensibilityGlobals) = postSolution
		SolutionGuid = {7FB12E57-24EF-452A-8667-08AA9EFA4004}
	EndGlobalSection
EndGlobal
